
Microsoft Visual Studio Solution File, Format Version 12.00
# Visual Studio 15
VisualStudioVersion = 15.0.26124.0
MinimumVisualStudioVersion = 15.0.26124.0
Project("{FAE04EC0-301F-11D3-BF4B-00C04F79EFBC}") = "webapi", "webapi\webapi.csproj", "{8C76CCE7-75E0-4D26-93BC-554F8E738525}"
EndProject
Project("{FAE04EC0-301F-11D3-BF4B-00C04F79EFBC}") = "webapi.core", "webapi.core\webapi.core.csproj", "{C2DB4194-0018-46B7-BF3F-3C7B44280EB6}"
EndProject
Project("{FAE04EC0-301F-11D3-BF4B-00C04F79EFBC}") = "webapi.infrastructure", "webapi.infrastructure\webapi.infrastructure.csproj", "{2CA2FAC2-6C42-45BF-B0B3-938C4043FF16}"
EndProject
Global
	GlobalSection(SolutionConfigurationPlatforms) = preSolution
		Debug|Any CPU = Debug|Any CPU
		Debug|x64 = Debug|x64
		Debug|x86 = Debug|x86
		Release|Any CPU = Release|Any CPU
		Release|x64 = Release|x64
		Release|x86 = Release|x86
	EndGlobalSection
	GlobalSection(SolutionProperties) = preSolution
		HideSolutionNode = FALSE
	EndGlobalSection
	GlobalSection(ProjectConfigurationPlatforms) = postSolution
		{8C76CCE7-75E0-4D26-93BC-554F8E738525}.Debug|Any CPU.ActiveCfg = Debug|Any CPU
		{8C76CCE7-75E0-4D26-93BC-554F8E738525}.Debug|Any CPU.Build.0 = Debug|Any CPU
		{8C76CCE7-75E0-4D26-93BC-554F8E738525}.Debug|x64.ActiveCfg = Debug|Any CPU
		{8C76CCE7-75E0-4D26-93BC-554F8E738525}.Debug|x64.Build.0 = Debug|Any CPU
		{8C76CCE7-75E0-4D26-93BC-554F8E738525}.Debug|x86.ActiveCfg = Debug|Any CPU
		{8C76CCE7-75E0-4D26-93BC-554F8E738525}.Debug|x86.Build.0 = Debug|Any CPU
		{8C76CCE7-75E0-4D26-93BC-554F8E738525}.Release|Any CPU.ActiveCfg = Release|Any CPU
		{8C76CCE7-75E0-4D26-93BC-554F8E738525}.Release|Any CPU.Build.0 = Release|Any CPU
		{8C76CCE7-75E0-4D26-93BC-554F8E738525}.Release|x64.ActiveCfg = Release|Any CPU
		{8C76CCE7-75E0-4D26-93BC-554F8E738525}.Release|x64.Build.0 = Release|Any CPU
		{8C76CCE7-75E0-4D26-93BC-554F8E738525}.Release|x86.ActiveCfg = Release|Any CPU
		{8C76CCE7-75E0-4D26-93BC-554F8E738525}.Release|x86.Build.0 = Release|Any CPU
		{C2DB4194-0018-46B7-BF3F-3C7B44280EB6}.Debug|Any CPU.ActiveCfg = Debug|Any CPU
		{C2DB4194-0018-46B7-BF3F-3C7B44280EB6}.Debug|Any CPU.Build.0 = Debug|Any CPU
		{C2DB4194-0018-46B7-BF3F-3C7B44280EB6}.Debug|x64.ActiveCfg = Debug|Any CPU
		{C2DB4194-0018-46B7-BF3F-3C7B44280EB6}.Debug|x64.Build.0 = Debug|Any CPU
		{C2DB4194-0018-46B7-BF3F-3C7B44280EB6}.Debug|x86.ActiveCfg = Debug|Any CPU
		{C2DB4194-0018-46B7-BF3F-3C7B44280EB6}.Debug|x86.Build.0 = Debug|Any CPU
		{C2DB4194-0018-46B7-BF3F-3C7B44280EB6}.Release|Any CPU.ActiveCfg = Release|Any CPU
		{C2DB4194-0018-46B7-BF3F-3C7B44280EB6}.Release|Any CPU.Build.0 = Release|Any CPU
		{C2DB4194-0018-46B7-BF3F-3C7B44280EB6}.Release|x64.ActiveCfg = Release|Any CPU
		{C2DB4194-0018-46B7-BF3F-3C7B44280EB6}.Release|x64.Build.0 = Release|Any CPU
		{C2DB4194-0018-46B7-BF3F-3C7B44280EB6}.Release|x86.ActiveCfg = Release|Any CPU
		{C2DB4194-0018-46B7-BF3F-3C7B44280EB6}.Release|x86.Build.0 = Release|Any CPU
		{2CA2FAC2-6C42-45BF-B0B3-938C4043FF16}.Debug|Any CPU.ActiveCfg = Debug|Any CPU
		{2CA2FAC2-6C42-45BF-B0B3-938C4043FF16}.Debug|Any CPU.Build.0 = Debug|Any CPU
		{2CA2FAC2-6C42-45BF-B0B3-938C4043FF16}.Debug|x64.ActiveCfg = Debug|Any CPU
		{2CA2FAC2-6C42-45BF-B0B3-938C4043FF16}.Debug|x64.Build.0 = Debug|Any CPU
		{2CA2FAC2-6C42-45BF-B0B3-938C4043FF16}.Debug|x86.ActiveCfg = Debug|Any CPU
		{2CA2FAC2-6C42-45BF-B0B3-938C4043FF16}.Debug|x86.Build.0 = Debug|Any CPU
		{2CA2FAC2-6C42-45BF-B0B3-938C4043FF16}.Release|Any CPU.ActiveCfg = Release|Any CPU
		{2CA2FAC2-6C42-45BF-B0B3-938C4043FF16}.Release|Any CPU.Build.0 = Release|Any CPU
		{2CA2FAC2-6C42-45BF-B0B3-938C4043FF16}.Release|x64.ActiveCfg = Release|Any CPU
		{2CA2FAC2-6C42-45BF-B0B3-938C4043FF16}.Release|x64.Build.0 = Release|Any CPU
		{2CA2FAC2-6C42-45BF-B0B3-938C4043FF16}.Release|x86.ActiveCfg = Release|Any CPU
		{2CA2FAC2-6C42-45BF-B0B3-938C4043FF16}.Release|x86.Build.0 = Release|Any CPU
	EndGlobalSection
EndGlobal
